
Microsoft Visual Studio Solution File, Format Version 12.00
# Visual Studio 15
VisualStudioVersion = 15.0.27130.2026
MinimumVisualStudioVersion = 10.0.40219.1
Project("{FAE04EC0-301F-11D3-BF4B-00C04F79EFBC}") = "SortClient", "SortClient\SortClient.csproj", "{5F831973-37CC-4411-A006-19581DD3DE49}"
	ProjectSection(ProjectDependencies) = postProject
		{E5964B2F-8528-4937-BFC6-93D3B0161070} = {E5964B2F-8528-4937-BFC6-93D3B0161070}
	EndProjectSection
EndProject
Project("{FAE04EC0-301F-11D3-BF4B-00C04F79EFBC}") = "SortOnFileSystem", "SortOnFileSystem\SortOnFileSystem.csproj", "{E18B887F-5A11-41D3-8772-EA2050E835A5}"
EndProject
Project("{FAE04EC0-301F-11D3-BF4B-00C04F79EFBC}") = "SortWcfTests", "SortWcfTests\SortWcfTests.csproj", "{211736CC-9A93-4C47-855C-71CEDB8A5849}"
EndProject
Project("{FAE04EC0-301F-11D3-BF4B-00C04F79EFBC}") = "SortWcf", "SortWcf\SortWcf.csproj", "{E5964B2F-8528-4937-BFC6-93D3B0161070}"
EndProject
Global
	GlobalSection(SolutionConfigurationPlatforms) = preSolution
		Debug|Any CPU = Debug|Any CPU
		Release|Any CPU = Release|Any CPU
	EndGlobalSection
	GlobalSection(ProjectConfigurationPlatforms) = postSolution
		{5F831973-37CC-4411-A006-19581DD3DE49}.Debug|Any CPU.ActiveCfg = Debug|Any CPU
		{5F831973-37CC-4411-A006-19581DD3DE49}.Debug|Any CPU.Build.0 = Debug|Any CPU
		{5F831973-37CC-4411-A006-19581DD3DE49}.Release|Any CPU.ActiveCfg = Release|Any CPU
		{5F831973-37CC-4411-A006-19581DD3DE49}.Release|Any CPU.Build.0 = Release|Any CPU
		{E18B887F-5A11-41D3-8772-EA2050E835A5}.Debug|Any CPU.ActiveCfg = Debug|Any CPU
		{E18B887F-5A11-41D3-8772-EA2050E835A5}.Debug|Any CPU.Build.0 = Debug|Any CPU
		{E18B887F-5A11-41D3-8772-EA2050E835A5}.Release|Any CPU.ActiveCfg = Release|Any CPU
		{E18B887F-5A11-41D3-8772-EA2050E835A5}.Release|Any CPU.Build.0 = Release|Any CPU
		{211736CC-9A93-4C47-855C-71CEDB8A5849}.Debug|Any CPU.ActiveCfg = Debug|Any CPU
		{211736CC-9A93-4C47-855C-71CEDB8A5849}.Debug|Any CPU.Build.0 = Debug|Any CPU
		{211736CC-9A93-4C47-855C-71CEDB8A5849}.Release|Any CPU.ActiveCfg = Release|Any CPU
		{211736CC-9A93-4C47-855C-71CEDB8A5849}.Release|Any CPU.Build.0 = Release|Any CPU
		{E5964B2F-8528-4937-BFC6-93D3B0161070}.Debug|Any CPU.ActiveCfg = Debug|Any CPU
		{E5964B2F-8528-4937-BFC6-93D3B0161070}.Debug|Any CPU.Build.0 = Debug|Any CPU
		{E5964B2F-8528-4937-BFC6-93D3B0161070}.Release|Any CPU.ActiveCfg = Release|Any CPU
		{E5964B2F-8528-4937-BFC6-93D3B0161070}.Release|Any CPU.Build.0 = Release|Any CPU
	EndGlobalSection
	GlobalSection(SolutionProperties) = preSolution
		HideSolutionNode = FALSE
	EndGlobalSection
	GlobalSection(ExtensibilityGlobals) = postSolution
		SolutionGuid = {14C0C26A-4FE3-4F53-A38D-A5259628A025}
	EndGlobalSection
EndGlobal
